{
  "name": "@quantum-sec/terraform-azurerm-sentinel-rules",
  "version": "0.0.0-development",
  "lockfileVersion": 2,
  "requires": true,
  "packages": {
    "": {
      "name": "@quantum-sec/terraform-azurerm-sentinel-rules",
      "version": "0.0.0-development",
      "license": "Apache-2.0"
    }
  }
}
