{
  "name": "@quantum-sec/template-terraform-package",
  "version": "0.0.0-development",
  "lockfileVersion": 2,
  "requires": true,
  "packages": {
    "": {
      "name": "@quantum-sec/template-terraform-package",
      "version": "0.0.0-development",
      "license": "SEE LICENSE IN LICENSE"
    }
  }
}
